
Microsoft Visual Studio Solution File, Format Version 12.00
# Visual Studio Version 17
VisualStudioVersion = 17.4.33213.308
MinimumVisualStudioVersion = 10.0.40219.1
Project("{FAE04EC0-301F-11D3-BF4B-00C04F79EFBC}") = "19janeiro", "19janeiro.csproj", "{FB7A9272-0816-45BC-B914-9E1085AFD15C}"
EndProject
Global
	GlobalSection(SolutionConfigurationPlatforms) = preSolution
		Debug|Any CPU = Debug|Any CPU
		Release|Any CPU = Release|Any CPU
	EndGlobalSection
	GlobalSection(ProjectConfigurationPlatforms) = postSolution
		{FB7A9272-0816-45BC-B914-9E1085AFD15C}.Debug|Any CPU.ActiveCfg = Debug|Any CPU
		{FB7A9272-0816-45BC-B914-9E1085AFD15C}.Debug|Any CPU.Build.0 = Debug|Any CPU
		{FB7A9272-0816-45BC-B914-9E1085AFD15C}.Release|Any CPU.ActiveCfg = Release|Any CPU
		{FB7A9272-0816-45BC-B914-9E1085AFD15C}.Release|Any CPU.Build.0 = Release|Any CPU
	EndGlobalSection
	GlobalSection(SolutionProperties) = preSolution
		HideSolutionNode = FALSE
	EndGlobalSection
	GlobalSection(ExtensibilityGlobals) = postSolution
		SolutionGuid = {4D497D6F-6013-49C8-BB17-6401BF9B744C}
	EndGlobalSection
EndGlobal
